schema: '2.0'
stages:
  inegst_and_clean_data:
    cmd: python steps/clean_data.py
    deps:
    - path: src/data_wrangling.py
      hash: md5
      md5: 8d4521d55c128855ba9d12de928b3c5d
      size: 8350
    - path: steps/ingest_data.py
      hash: md5
      md5: 10c1420cd4a61494ced6205b5db3b078
      size: 972
    outs:
    - path: data/clean/clean_data.csv
      hash: md5
      md5: 75768436db9991bb8f1a960bf91dfea5
      size: 411704
  train_model:
    cmd: python steps/model_train.py
    deps:
    - path: data/clean/clean_data.csv
      hash: md5
      md5: 75768436db9991bb8f1a960bf91dfea5
      size: 411704
    - path: src/data_wrangling.py
      hash: md5
      md5: 8d4521d55c128855ba9d12de928b3c5d
      size: 8350
    - path: src/model_dev.py
      hash: md5
      md5: bdcd054bad6f1e94337e1a5367ee18a2
      size: 4239
    outs:
    - path: models/xgb_model.pkl
      hash: md5
      md5: dcda7c343a054ef9de675903625da887
      size: 414847
  model_evaluation:
    cmd: python steps/model_evaluation.py
    deps:
    - path: models/xgb_model.pkl
      hash: md5
      md5: dcda7c343a054ef9de675903625da887
      size: 414847
    - path: src/model_evaluation.py
      hash: md5
      md5: 83b2e30bc9ff0d6c84e3d01a5e6b4fdc
      size: 4900
    - path: steps/model_train.py
      hash: md5
      md5: cc5baf1d861828439edd598993f051a1
      size: 2236
    outs:
    - path: backtest_plot.png
      hash: md5
      md5: e5ffecbec8f0c6e31ba75806b90dfa63
      size: 42593
    - path: error_dist_plot.png
      hash: md5
      md5: 7c60927d0e71d299882b4668130b571a
      size: 11759
    - path: report_metrics.json
      hash: md5
      md5: 13fc7a06a96244da0193b94a9dcecf32
      size: 136
