schema: '2.0'
stages:
  inegst_and_clean_data:
    cmd: python steps/clean_data.py
    deps:
    - path: src/data_wrangling.py
      hash: md5
      md5: 008c994a29a4e41d125d9ffd3ec980a2
      size: 6266
    - path: steps/ingest_data.py
      hash: md5
      md5: 10c1420cd4a61494ced6205b5db3b078
      size: 972
    outs:
    - path: data/clean/clean_data.csv
      hash: md5
      md5: 75768436db9991bb8f1a960bf91dfea5
      size: 411704
  train_model:
    cmd: python steps/model_train.py
    deps:
    - path: data/clean/clean_data.csv
      hash: md5
      md5: 75768436db9991bb8f1a960bf91dfea5
      size: 411704
    - path: src/data_wrangling.py
      hash: md5
      md5: 008c994a29a4e41d125d9ffd3ec980a2
      size: 6266
    - path: src/model_dev.py
      hash: md5
      md5: 26cd5dbb3610e29fe6d57fa62e65a4bf
      size: 4234
    outs:
    - path: models/xgb_model.pkl
      hash: md5
      md5: 05d33b7a2beb1a4a77ced37c5df92537
      size: 400723
  model_evaluation:
    cmd: python steps/model_evaluation.py
    deps:
    - path: models/xgb_model.pkl
      hash: md5
      md5: 05d33b7a2beb1a4a77ced37c5df92537
      size: 400723
    - path: src/model_evaluation.py
      hash: md5
      md5: fd723b05eed61f3ed813f1ae2dfdc758
      size: 4476
    - path: steps/model_train.py
      hash: md5
      md5: 126643261fec0bf51ddc405363cf109f
      size: 1549
    outs:
    - path: backtest_plot.png
      hash: md5
      md5: ba8eda04ef086e5f17afef33d0745bb7
      size: 48157
    - path: error_dist_plot.png
      hash: md5
      md5: 2a36945c9cd48688e2cc9901f9ce7574
      size: 10778
    - path: report_metrics.json
      hash: md5
      md5: 2b00858b7974ef08090d47838b0b239d
      size: 136
